
Microsoft Visual Studio Solution File, Format Version 11.00
# Visual Studio 2010
Project("{FAE04EC0-301F-11D3-BF4B-00C04F79EFBC}") = "Immutability", "Immutability.csproj", "{1CFCFE73-D6E9-4136-AFF9-9F91EA7F6F81}"
EndProject
Project("{FAE04EC0-301F-11D3-BF4B-00C04F79EFBC}") = "ImmutabilityTest", "..\ImmutabilityTest\ImmutabilityTest.csproj", "{9E84349A-6CFA-44A1-954A-9A355C7ED601}"
EndProject
Global
	GlobalSection(SolutionConfigurationPlatforms) = preSolution
		Debug|Any CPU = Debug|Any CPU
		Release|Any CPU = Release|Any CPU
	EndGlobalSection
	GlobalSection(ProjectConfigurationPlatforms) = postSolution
		{1CFCFE73-D6E9-4136-AFF9-9F91EA7F6F81}.Debug|Any CPU.ActiveCfg = Debug|Any CPU
		{1CFCFE73-D6E9-4136-AFF9-9F91EA7F6F81}.Debug|Any CPU.Build.0 = Debug|Any CPU
		{1CFCFE73-D6E9-4136-AFF9-9F91EA7F6F81}.Release|Any CPU.ActiveCfg = Release|Any CPU
		{1CFCFE73-D6E9-4136-AFF9-9F91EA7F6F81}.Release|Any CPU.Build.0 = Release|Any CPU
		{9E84349A-6CFA-44A1-954A-9A355C7ED601}.Debug|Any CPU.ActiveCfg = Debug|Any CPU
		{9E84349A-6CFA-44A1-954A-9A355C7ED601}.Debug|Any CPU.Build.0 = Debug|Any CPU
		{9E84349A-6CFA-44A1-954A-9A355C7ED601}.Release|Any CPU.ActiveCfg = Release|Any CPU
		{9E84349A-6CFA-44A1-954A-9A355C7ED601}.Release|Any CPU.Build.0 = Release|Any CPU
	EndGlobalSection
	GlobalSection(SolutionProperties) = preSolution
		HideSolutionNode = FALSE
	EndGlobalSection
EndGlobal
