
Microsoft Visual Studio Solution File, Format Version 9.00
# Visual Studio 2005
Project("{FAE04EC0-301F-11D3-BF4B-00C04F79EFBC}") = "Code", "Code\Code.csproj", "{BD835073-AE22-4A24-B192-A301205A33C0}"
EndProject
Project("{2150E333-8FDC-42A3-9474-1A3956D46DE8}") = "References", "References", "{207B20E1-0A59-487B-9B09-6DF626143CAD}"
EndProject
Project("{FAE04EC0-301F-11D3-BF4B-00C04F79EFBC}") = "Library", "..\..\Library\Library.csproj", "{F881754A-FAC3-4250-AD43-00DD15C95465}"
EndProject
Project("{FAE04EC0-301F-11D3-BF4B-00C04F79EFBC}") = "Cache", "Cache\Cache.csproj", "{B0B365B6-CAF6-4AD8-B440-26EDC3BB8DEE}"
EndProject
Global
	GlobalSection(SolutionConfigurationPlatforms) = preSolution
		Debug|Any CPU = Debug|Any CPU
		Release|Any CPU = Release|Any CPU
	EndGlobalSection
	GlobalSection(ProjectConfigurationPlatforms) = postSolution
		{BD835073-AE22-4A24-B192-A301205A33C0}.Debug|Any CPU.ActiveCfg = Debug|Any CPU
		{BD835073-AE22-4A24-B192-A301205A33C0}.Debug|Any CPU.Build.0 = Debug|Any CPU
		{BD835073-AE22-4A24-B192-A301205A33C0}.Release|Any CPU.ActiveCfg = Release|Any CPU
		{BD835073-AE22-4A24-B192-A301205A33C0}.Release|Any CPU.Build.0 = Release|Any CPU
		{F881754A-FAC3-4250-AD43-00DD15C95465}.Debug|Any CPU.ActiveCfg = Debug|Any CPU
		{F881754A-FAC3-4250-AD43-00DD15C95465}.Debug|Any CPU.Build.0 = Debug|Any CPU
		{F881754A-FAC3-4250-AD43-00DD15C95465}.Release|Any CPU.ActiveCfg = Release|Any CPU
		{F881754A-FAC3-4250-AD43-00DD15C95465}.Release|Any CPU.Build.0 = Release|Any CPU
		{B0B365B6-CAF6-4AD8-B440-26EDC3BB8DEE}.Debug|Any CPU.ActiveCfg = Debug|Any CPU
		{B0B365B6-CAF6-4AD8-B440-26EDC3BB8DEE}.Debug|Any CPU.Build.0 = Debug|Any CPU
		{B0B365B6-CAF6-4AD8-B440-26EDC3BB8DEE}.Release|Any CPU.ActiveCfg = Release|Any CPU
		{B0B365B6-CAF6-4AD8-B440-26EDC3BB8DEE}.Release|Any CPU.Build.0 = Release|Any CPU
	EndGlobalSection
	GlobalSection(SolutionProperties) = preSolution
		HideSolutionNode = FALSE
	EndGlobalSection
	GlobalSection(NestedProjects) = preSolution
		{F881754A-FAC3-4250-AD43-00DD15C95465} = {207B20E1-0A59-487B-9B09-6DF626143CAD}
	EndGlobalSection
EndGlobal
