
Microsoft Visual Studio Solution File, Format Version 11.00
# Visual Studio 2010
Project("{FAE04EC0-301F-11D3-BF4B-00C04F79EFBC}") = "DataContractAdapter", "DataContractAdapter\DataContractAdapter.csproj", "{46B714F9-FB37-41BF-8D1F-FB0618B4E943}"
EndProject
Global
	GlobalSection(SolutionConfigurationPlatforms) = preSolution
		Debug|Any CPU = Debug|Any CPU
		Release|Any CPU = Release|Any CPU
	EndGlobalSection
	GlobalSection(ProjectConfigurationPlatforms) = postSolution
		{46B714F9-FB37-41BF-8D1F-FB0618B4E943}.Debug|Any CPU.ActiveCfg = Debug|Any CPU
		{46B714F9-FB37-41BF-8D1F-FB0618B4E943}.Debug|Any CPU.Build.0 = Debug|Any CPU
		{46B714F9-FB37-41BF-8D1F-FB0618B4E943}.Release|Any CPU.ActiveCfg = Release|Any CPU
		{46B714F9-FB37-41BF-8D1F-FB0618B4E943}.Release|Any CPU.Build.0 = Release|Any CPU
	EndGlobalSection
	GlobalSection(SolutionProperties) = preSolution
		HideSolutionNode = FALSE
	EndGlobalSection
EndGlobal
