
Microsoft Visual Studio Solution File, Format Version 9.00
# Visual Studio 2005
Project("{FAE04EC0-301F-11D3-BF4B-00C04F79EFBC}") = "Diagnostics", "Diagnostics.csproj", "{72AB0B62-6910-47C3-9391-4D1878BC1EC0}"
EndProject
Project("{FAE04EC0-301F-11D3-BF4B-00C04F79EFBC}") = "Test", "Test\Test.csproj", "{F9ED0C85-A5A1-419F-8086-4D521CFAA1FB}"
EndProject
Global
	GlobalSection(SolutionConfigurationPlatforms) = preSolution
		Debug|Any CPU = Debug|Any CPU
		Release|Any CPU = Release|Any CPU
	EndGlobalSection
	GlobalSection(ProjectConfigurationPlatforms) = postSolution
		{72AB0B62-6910-47C3-9391-4D1878BC1EC0}.Debug|Any CPU.ActiveCfg = Debug|Any CPU
		{72AB0B62-6910-47C3-9391-4D1878BC1EC0}.Debug|Any CPU.Build.0 = Debug|Any CPU
		{72AB0B62-6910-47C3-9391-4D1878BC1EC0}.Release|Any CPU.ActiveCfg = Release|Any CPU
		{72AB0B62-6910-47C3-9391-4D1878BC1EC0}.Release|Any CPU.Build.0 = Release|Any CPU
		{F9ED0C85-A5A1-419F-8086-4D521CFAA1FB}.Debug|Any CPU.ActiveCfg = Debug|Any CPU
		{F9ED0C85-A5A1-419F-8086-4D521CFAA1FB}.Debug|Any CPU.Build.0 = Debug|Any CPU
		{F9ED0C85-A5A1-419F-8086-4D521CFAA1FB}.Release|Any CPU.ActiveCfg = Release|Any CPU
		{F9ED0C85-A5A1-419F-8086-4D521CFAA1FB}.Release|Any CPU.Build.0 = Release|Any CPU
	EndGlobalSection
	GlobalSection(SolutionProperties) = preSolution
		HideSolutionNode = FALSE
	EndGlobalSection
EndGlobal
